
Microsoft Visual Studio Solution File, Format Version 12.00
# Visual Studio Version 17
VisualStudioVersion = 17.14.36616.10 d17.14
MinimumVisualStudioVersion = 10.0.40219.1
Project("{FAE04EC0-301F-11D3-BF4B-00C04F79EFBC}") = "Kaninify-Pos-Website", "Kaninify-Pos-Website.csproj", "{F3C59105-9A23-48FE-BDFA-84ED42EE66C2}"
EndProject
Global
	GlobalSection(SolutionConfigurationPlatforms) = preSolution
		Debug|Any CPU = Debug|Any CPU
		Release|Any CPU = Release|Any CPU
	EndGlobalSection
	GlobalSection(ProjectConfigurationPlatforms) = postSolution
		{F3C59105-9A23-48FE-BDFA-84ED42EE66C2}.Debug|Any CPU.ActiveCfg = Debug|Any CPU
		{F3C59105-9A23-48FE-BDFA-84ED42EE66C2}.Debug|Any CPU.Build.0 = Debug|Any CPU
		{F3C59105-9A23-48FE-BDFA-84ED42EE66C2}.Release|Any CPU.ActiveCfg = Release|Any CPU
		{F3C59105-9A23-48FE-BDFA-84ED42EE66C2}.Release|Any CPU.Build.0 = Release|Any CPU
	EndGlobalSection
	GlobalSection(SolutionProperties) = preSolution
		HideSolutionNode = FALSE
	EndGlobalSection
	GlobalSection(ExtensibilityGlobals) = postSolution
		SolutionGuid = {7175AFDE-A81C-41EF-AD0C-4EB4924C6A8C}
	EndGlobalSection
EndGlobal
